
Microsoft Visual Studio Solution File, Format Version 12.00
# Visual Studio Version 16
VisualStudioVersion = 16.0.30804.86
MinimumVisualStudioVersion = 10.0.40219.1
Project("{FAE04EC0-301F-11D3-BF4B-00C04F79EFBC}") = "Couple_Employees", "Couple_Employees\Couple_Employees.csproj", "{E97BF638-7F22-4BBA-8A34-4BB6F452DAA9}"
EndProject
Global
	GlobalSection(SolutionConfigurationPlatforms) = preSolution
		Debug|Any CPU = Debug|Any CPU
		Release|Any CPU = Release|Any CPU
	EndGlobalSection
	GlobalSection(ProjectConfigurationPlatforms) = postSolution
		{E97BF638-7F22-4BBA-8A34-4BB6F452DAA9}.Debug|Any CPU.ActiveCfg = Debug|Any CPU
		{E97BF638-7F22-4BBA-8A34-4BB6F452DAA9}.Debug|Any CPU.Build.0 = Debug|Any CPU
		{E97BF638-7F22-4BBA-8A34-4BB6F452DAA9}.Release|Any CPU.ActiveCfg = Release|Any CPU
		{E97BF638-7F22-4BBA-8A34-4BB6F452DAA9}.Release|Any CPU.Build.0 = Release|Any CPU
	EndGlobalSection
	GlobalSection(SolutionProperties) = preSolution
		HideSolutionNode = FALSE
	EndGlobalSection
	GlobalSection(ExtensibilityGlobals) = postSolution
		SolutionGuid = {F4B72F4D-372D-466F-9780-15284F312D0E}
	EndGlobalSection
EndGlobal
